// !$*UTF8*$!
{
	archiveVersion = 1;
	classes = {
	};
	objectVersion = 50;
	objects = {

/* Begin PBXBuildFile section */
		DE0A1A3625C3D1AC00FCE79B /* AppDelegate.swift in Sources */ = {isa = PBXBuildFile; fileRef = DE0A1A3525C3D1AC00FCE79B /* AppDelegate.swift */; };
		DE0A1A3825C3D1AC00FCE79B /* SceneDelegate.swift in Sources */ = {isa = PBXBuildFile; fileRef = DE0A1A3725C3D1AC00FCE79B /* SceneDelegate.swift */; };
		DE0A1A3A25C3D1AC00FCE79B /* ViewController.swift in Sources */ = {isa = PBXBuildFile; fileRef = DE0A1A3925C3D1AC00FCE79B /* ViewController.swift */; };
		DE0A1A3D25C3D1AC00FCE79B /* Main.storyboard in Resources */ = {isa = PBXBuildFile; fileRef = DE0A1A3B25C3D1AC00FCE79B /* Main.storyboard */; };
		DE0A1A3F25C3D1AE00FCE79B /* Assets.xcassets in Resources */ = {isa = PBXBuildFile; fileRef = DE0A1A3E25C3D1AE00FCE79B /* Assets.xcassets */; };
		DE0A1A4225C3D1AE00FCE79B /* LaunchScreen.storyboard in Resources */ = {isa = PBXBuildFile; fileRef = DE0A1A4025C3D1AE00FCE79B /* LaunchScreen.storyboard */; };
		DE0A1A4D25C3D1AE00FCE79B /* BookClubTests.swift in Sources */ = {isa = PBXBuildFile; fileRef = DE0A1A4C25C3D1AE00FCE79B /* BookClubTests.swift */; };
		DE0A1A5825C3D1AF00FCE79B /* BookClubUITests.swift in Sources */ = {isa = PBXBuildFile; fileRef = DE0A1A5725C3D1AF00FCE79B /* BookClubUITests.swift */; };
/* End PBXBuildFile section */

/* Begin PBXContainerItemProxy section */
		DE0A1A4925C3D1AE00FCE79B /* PBXContainerItemProxy */ = {
			isa = PBXContainerItemProxy;
			containerPortal = DE0A1A2A25C3D1AC00FCE79B /* Project object */;
			proxyType = 1;
			remoteGlobalIDString = DE0A1A3125C3D1AC00FCE79B;
			remoteInfo = BookClub;
		};
		DE0A1A5425C3D1AF00FCE79B /* PBXContainerItemProxy */ = {
			isa = PBXContainerItemProxy;
			containerPortal = DE0A1A2A25C3D1AC00FCE79B /* Project object */;
			proxyType = 1;
			remoteGlobalIDString = DE0A1A3125C3D1AC00FCE79B;
			remoteInfo = BookClub;
		};
/* End PBXContainerItemProxy section */

/* Begin PBXFileReference section */
		DE0A1A3225C3D1AC00FCE79B /* BookClub.app */ = {isa = PBXFileReference; explicitFileType = wrapper.application; includeInIndex = 0; path = BookClub.app; sourceTree = BUILT_PRODUCTS_DIR; };
		DE0A1A3525C3D1AC00FCE79B /* AppDelegate.swift */ = {isa = PBXFileReference; lastKnownFileType = sourcecode.swift; path = AppDelegate.swift; sourceTree = "<group>"; };
		DE0A1A3725C3D1AC00FCE79B /* SceneDelegate.swift */ = {isa = PBXFileReference; lastKnownFileType = sourcecode.swift; path = SceneDelegate.swift; sourceTree = "<group>"; };
		DE0A1A3925C3D1AC00FCE79B /* ViewController.swift */ = {isa = PBXFileReference; lastKnownFileType = sourcecode.swift; path = ViewController.swift; sourceTree = "<group>"; };
		DE0A1A3C25C3D1AC00FCE79B /* Base */ = {isa = PBXFileReference; lastKnownFileType = file.storyboard; name = Base; path = Base.lproj/Main.storyboard; sourceTree = "<group>"; };
		DE0A1A3E25C3D1AE00FCE79B /* Assets.xcassets */ = {isa = PBXFileReference; lastKnownFileType = folder.assetcatalog; path = Assets.xcassets; sourceTree = "<group>"; };
		DE0A1A4125C3D1AE00FCE79B /* Base */ = {isa = PBXFileReference; lastKnownFileType = file.storyboard; name = Base; path = Base.lproj/LaunchScreen.storyboard; sourceTree = "<group>"; };
		DE0A1A4325C3D1AE00FCE79B /* Info.plist */ = {isa = PBXFileReference; lastKnownFileType = text.plist.xml; path = Info.plist; sourceTree = "<group>"; };
		DE0A1A4825C3D1AE00FCE79B /* BookClubTests.xctest */ = {isa = PBXFileReference; explicitFileType = wrapper.cfbundle; includeInIndex = 0; path = BookClubTests.xctest; sourceTree = BUILT_PRODUCTS_DIR; };
		DE0A1A4C25C3D1AE00FCE79B /* BookClubTests.swift */ = {isa = PBXFileReference; lastKnownFileType = sourcecode.swift; path = BookClubTests.swift; sourceTree = "<group>"; };
		DE0A1A4E25C3D1AE00FCE79B /* Info.plist */ = {isa = PBXFileReference; lastKnownFileType = text.plist.xml; path = Info.plist; sourceTree = "<group>"; };
		DE0A1A5325C3D1AF00FCE79B /* BookClubUITests.xctest */ = {isa = PBXFileReference; explicitFileType = wrapper.cfbundle; includeInIndex = 0; path = BookClubUITests.xctest; sourceTree = BUILT_PRODUCTS_DIR; };
		DE0A1A5725C3D1AF00FCE79B /* BookClubUITests.swift */ = {isa = PBXFileReference; lastKnownFileType = sourcecode.swift; path = BookClubUITests.swift; sourceTree = "<group>"; };
		DE0A1A5925C3D1AF00FCE79B /* Info.plist */ = {isa = PBXFileReference; lastKnownFileType = text.plist.xml; path = Info.plist; sourceTree = "<group>"; };
/* End PBXFileReference section */

/* Begin PBXFrameworksBuildPhase section */
		DE0A1A2F25C3D1AC00FCE79B /* Frameworks */ = {
			isa = PBXFrameworksBuildPhase;
			buildActionMask = 2147483647;
			files = (
			);
			runOnlyForDeploymentPostprocessing = 0;
		};
		DE0A1A4525C3D1AE00FCE79B /* Frameworks */ = {
			isa = PBXFrameworksBuildPhase;
			buildActionMask = 2147483647;
			files = (
			);
			runOnlyForDeploymentPostprocessing = 0;
		};
		DE0A1A5025C3D1AE00FCE79B /* Frameworks */ = {
			isa = PBXFrameworksBuildPhase;
			buildActionMask = 2147483647;
			files = (
			);
			runOnlyForDeploymentPostprocessing = 0;
		};
/* End PBXFrameworksBuildPhase section */

/* Begin PBXGroup section */
		DE0A1A2925C3D1AC00FCE79B = {
			isa = PBXGroup;
			children = (
				DE0A1A3425C3D1AC00FCE79B /* BookClub */,
				DE0A1A4B25C3D1AE00FCE79B /* BookClubTests */,
				DE0A1A5625C3D1AF00FCE79B /* BookClubUITests */,
				DE0A1A3325C3D1AC00FCE79B /* Products */,
			);
			sourceTree = "<group>";
		};
		DE0A1A3325C3D1AC00FCE79B /* Products */ = {
			isa = PBXGroup;
			children = (
				DE0A1A3225C3D1AC00FCE79B /* BookClub.app */,
				DE0A1A4825C3D1AE00FCE79B /* BookClubTests.xctest */,
				DE0A1A5325C3D1AF00FCE79B /* BookClubUITests.xctest */,
			);
			name = Products;
			sourceTree = "<group>";
		};
		DE0A1A3425C3D1AC00FCE79B /* BookClub */ = {
			isa = PBXGroup;
			children = (
				DE0A1A3525C3D1AC00FCE79B /* AppDelegate.swift */,
				DE0A1A3725C3D1AC00FCE79B /* SceneDelegate.swift */,
				DE0A1A3925C3D1AC00FCE79B /* ViewController.swift */,
				DE0A1A3B25C3D1AC00FCE79B /* Main.storyboard */,
				DE0A1A3E25C3D1AE00FCE79B /* Assets.xcassets */,
				DE0A1A4025C3D1AE00FCE79B /* LaunchScreen.storyboard */,
				DE0A1A4325C3D1AE00FCE79B /* Info.plist */,
			);
			path = BookClub;
			sourceTree = "<group>";
		};
		DE0A1A4B25C3D1AE00FCE79B /* BookClubTests */ = {
			isa = PBXGroup;
			children = (
				DE0A1A4C25C3D1AE00FCE79B /* BookClubTests.swift */,
				DE0A1A4E25C3D1AE00FCE79B /* Info.plist */,
			);
			path = BookClubTests;
			sourceTree = "<group>";
		};
		DE0A1A5625C3D1AF00FCE79B /* BookClubUITests */ = {
			isa = PBXGroup;
			children = (
				DE0A1A5725C3D1AF00FCE79B /* BookClubUITests.swift */,
				DE0A1A5925C3D1AF00FCE79B /* Info.plist */,
			);
			path = BookClubUITests;
			sourceTree = "<group>";
		};
/* End PBXGroup section */

/* Begin PBXNativeTarget section */
		DE0A1A3125C3D1AC00FCE79B /* BookClub */ = {
			isa = PBXNativeTarget;
			buildConfigurationList = DE0A1A5C25C3D1AF00FCE79B /* Build configuration list for PBXNativeTarget "BookClub" */;
			buildPhases = (
				DE0A1A2E25C3D1AC00FCE79B /* Sources */,
				DE0A1A2F25C3D1AC00FCE79B /* Frameworks */,
				DE0A1A3025C3D1AC00FCE79B /* Resources */,
			);
			buildRules = (
			);
			dependencies = (
			);
			name = BookClub;
			productName = BookClub;
			productReference = DE0A1A3225C3D1AC00FCE79B /* BookClub.app */;
			productType = "com.apple.product-type.application";
		};
		DE0A1A4725C3D1AE00FCE79B /* BookClubTests */ = {
			isa = PBXNativeTarget;
			buildConfigurationList = DE0A1A5F25C3D1AF00FCE79B /* Build configuration list for PBXNativeTarget "BookClubTests" */;
			buildPhases = (
				DE0A1A4425C3D1AE00FCE79B /* Sources */,
				DE0A1A4525C3D1AE00FCE79B /* Frameworks */,
				DE0A1A4625C3D1AE00FCE79B /* Resources */,
			);
			buildRules = (
			);
			dependencies = (
				DE0A1A4A25C3D1AE00FCE79B /* PBXTargetDependency */,
			);
			name = BookClubTests;
			productName = BookClubTests;
			productReference = DE0A1A4825C3D1AE00FCE79B /* BookClubTests.xctest */;
			productType = "com.apple.product-type.bundle.unit-test";
		};
		DE0A1A5225C3D1AE00FCE79B /* BookClubUITests */ = {
			isa = PBXNativeTarget;
			buildConfigurationList = DE0A1A6225C3D1AF00FCE79B /* Build configuration list for PBXNativeTarget "BookClubUITests" */;
			buildPhases = (
				DE0A1A4F25C3D1AE00FCE79B /* Sources */,
				DE0A1A5025C3D1AE00FCE79B /* Frameworks */,
				DE0A1A5125C3D1AE00FCE79B /* Resources */,
			);
			buildRules = (
			);
			dependencies = (
				DE0A1A5525C3D1AF00FCE79B /* PBXTargetDependency */,
			);
			name = BookClubUITests;
			productName = BookClubUITests;
			productReference = DE0A1A5325C3D1AF00FCE79B /* BookClubUITests.xctest */;
			productType = "com.apple.product-type.bundle.ui-testing";
		};
/* End PBXNativeTarget section */

/* Begin PBXProject section */
		DE0A1A2A25C3D1AC00FCE79B /* Project object */ = {
			isa = PBXProject;
			attributes = {
				LastSwiftUpdateCheck = 1240;
				LastUpgradeCheck = 1240;
				TargetAttributes = {
					DE0A1A3125C3D1AC00FCE79B = {
						CreatedOnToolsVersion = 12.4;
					};
					DE0A1A4725C3D1AE00FCE79B = {
						CreatedOnToolsVersion = 12.4;
						TestTargetID = DE0A1A3125C3D1AC00FCE79B;
					};
					DE0A1A5225C3D1AE00FCE79B = {
						CreatedOnToolsVersion = 12.4;
						TestTargetID = DE0A1A3125C3D1AC00FCE79B;
					};
				};
			};
			buildConfigurationList = DE0A1A2D25C3D1AC00FCE79B /* Build configuration list for PBXProject "BookClub" */;
			compatibilityVersion = "Xcode 9.3";
			developmentRegion = en;
			hasScannedForEncodings = 0;
			knownRegions = (
				en,
				Base,
			);
			mainGroup = DE0A1A2925C3D1AC00FCE79B;
			productRefGroup = DE0A1A3325C3D1AC00FCE79B /* Products */;
			projectDirPath = "";
			projectRoot = "";
			targets = (
				DE0A1A3125C3D1AC00FCE79B /* BookClub */,
				DE0A1A4725C3D1AE00FCE79B /* BookClubTests */,
				DE0A1A5225C3D1AE00FCE79B /* BookClubUITests */,
			);
		};
/* End PBXProject section */

/* Begin PBXResourcesBuildPhase section */
		DE0A1A3025C3D1AC00FCE79B /* Resources */ = {
			isa = PBXResourcesBuildPhase;
			buildActionMask = 2147483647;
			files = (
				DE0A1A4225C3D1AE00FCE79B /* LaunchScreen.storyboard in Resources */,
				DE0A1A3F25C3D1AE00FCE79B /* Assets.xcassets in Resources */,
				DE0A1A3D25C3D1AC00FCE79B /* Main.storyboard in Resources */,
			);
			runOnlyForDeploymentPostprocessing = 0;
		};
		DE0A1A4625C3D1AE00FCE79B /* Resources */ = {
			isa = PBXResourcesBuildPhase;
			buildActionMask = 2147483647;
			files = (
			);
			runOnlyForDeploymentPostprocessing = 0;
		};
		DE0A1A5125C3D1AE00FCE79B /* Resources */ = {
			isa = PBXResourcesBuildPhase;
			buildActionMask = 2147483647;
			files = (
			);
			runOnlyForDeploymentPostprocessing = 0;
		};
/* End PBXResourcesBuildPhase section */

/* Begin PBXSourcesBuildPhase section */
		DE0A1A2E25C3D1AC00FCE79B /* Sources */ = {
			isa = PBXSourcesBuildPhase;
			buildActionMask = 2147483647;
			files = (
				DE0A1A3A25C3D1AC00FCE79B /* ViewController.swift in Sources */,
				DE0A1A3625C3D1AC00FCE79B /* AppDelegate.swift in Sources */,
				DE0A1A3825C3D1AC00FCE79B /* SceneDelegate.swift in Sources */,
			);
			runOnlyForDeploymentPostprocessing = 0;
		};
		DE0A1A4425C3D1AE00FCE79B /* Sources */ = {
			isa = PBXSourcesBuildPhase;
			buildActionMask = 2147483647;
			files = (
				DE0A1A4D25C3D1AE00FCE79B /* BookClubTests.swift in Sources */,
			);
			runOnlyForDeploymentPostprocessing = 0;
		};
		DE0A1A4F25C3D1AE00FCE79B /* Sources */ = {
			isa = PBXSourcesBuildPhase;
			buildActionMask = 2147483647;
			files = (
				DE0A1A5825C3D1AF00FCE79B /* BookClubUITests.swift in Sources */,
			);
			runOnlyForDeploymentPostprocessing = 0;
		};
/* End PBXSourcesBuildPhase section */

/* Begin PBXTargetDependency section */
		DE0A1A4A25C3D1AE00FCE79B /* PBXTargetDependency */ = {
			isa = PBXTargetDependency;
			target = DE0A1A3125C3D1AC00FCE79B /* BookClub */;
			targetProxy = DE0A1A4925C3D1AE00FCE79B /* PBXContainerItemProxy */;
		};
		DE0A1A5525C3D1AF00FCE79B /* PBXTargetDependency */ = {
			isa = PBXTargetDependency;
			target = DE0A1A3125C3D1AC00FCE79B /* BookClub */;
			targetProxy = DE0A1A5425C3D1AF00FCE79B /* PBXContainerItemProxy */;
		};
/* End PBXTargetDependency section */

/* Begin PBXVariantGroup section */
		DE0A1A3B25C3D1AC00FCE79B /* Main.storyboard */ = {
			isa = PBXVariantGroup;
			children = (
				DE0A1A3C25C3D1AC00FCE79B /* Base */,
			);
			name = Main.storyboard;
			sourceTree = "<group>";
		};
		DE0A1A4025C3D1AE00FCE79B /* LaunchScreen.storyboard */ = {
			isa = PBXVariantGroup;
			children = (
				DE0A1A4125C3D1AE00FCE79B /* Base */,
			);
			name = LaunchScreen.storyboard;
			sourceTree = "<group>";
		};
/* End PBXVariantGroup section */

/* Begin XCBuildConfiguration section */
		DE0A1A5A25C3D1AF00FCE79B /* Debug */ = {
			isa = XCBuildConfiguration;
			buildSettings = {
				ALWAYS_SEARCH_USER_PATHS = NO;
				CLANG_ANALYZER_NONNULL = YES;
				CLANG_ANALYZER_NUMBER_OBJECT_CONVERSION = YES_AGGRESSIVE;
				CLANG_CXX_LANGUAGE_STANDARD = "gnu++14";
				CLANG_CXX_LIBRARY = "libc++";
				CLANG_ENABLE_MODULES = YES;
				CLANG_ENABLE_OBJC_ARC = YES;
				CLANG_ENABLE_OBJC_WEAK = YES;
				CLANG_WARN_BLOCK_CAPTURE_AUTORELEASING = YES;
				CLANG_WARN_BOOL_CONVERSION = YES;
				CLANG_WARN_COMMA = YES;
				CLANG_WARN_CONSTANT_CONVERSION = YES;
				CLANG_WARN_DEPRECATED_OBJC_IMPLEMENTATIONS = YES;
				CLANG_WARN_DIRECT_OBJC_ISA_USAGE = YES_ERROR;
				CLANG_WARN_DOCUMENTATION_COMMENTS = YES;
				CLANG_WARN_EMPTY_BODY = YES;
				CLANG_WARN_ENUM_CONVERSION = YES;
				CLANG_WARN_INFINITE_RECURSION = YES;
				CLANG_WARN_INT_CONVERSION = YES;
				CLANG_WARN_NON_LITERAL_NULL_CONVERSION = YES;
				CLANG_WARN_OBJC_IMPLICIT_RETAIN_SELF = YES;
				CLANG_WARN_OBJC_LITERAL_CONVERSION = YES;
				CLANG_WARN_OBJC_ROOT_CLASS = YES_ERROR;
				CLANG_WARN_QUOTED_INCLUDE_IN_FRAMEWORK_HEADER = YES;
				CLANG_WARN_RANGE_LOOP_ANALYSIS = YES;
				CLANG_WARN_STRICT_PROTOTYPES = YES;
				CLANG_WARN_SUSPICIOUS_MOVE = YES;
				CLANG_WARN_UNGUARDED_AVAILABILITY = YES_AGGRESSIVE;
				CLANG_WARN_UNREACHABLE_CODE = YES;
				CLANG_WARN__DUPLICATE_METHOD_MATCH = YES;
				COPY_PHASE_STRIP = NO;
				DEBUG_INFORMATION_FORMAT = dwarf;
				ENABLE_STRICT_OBJC_MSGSEND = YES;
				ENABLE_TESTABILITY = YES;
				GCC_C_LANGUAGE_STANDARD = gnu11;
				GCC_DYNAMIC_NO_PIC = NO;
				GCC_NO_COMMON_BLOCKS = YES;
				GCC_OPTIMIZATION_LEVEL = 0;
				GCC_PREPROCESSOR_DEFINITIONS = (
					"DEBUG=1",
					"$(inherited)",
				);
				GCC_WARN_64_TO_32_BIT_CONVERSION = YES;
				GCC_WARN_ABOUT_RETURN_TYPE = YES_ERROR;
				GCC_WARN_UNDECLARED_SELECTOR = YES;
				GCC_WARN_UNINITIALIZED_AUTOS = YES_AGGRESSIVE;
				GCC_WARN_UNUSED_FUNCTION = YES;
				GCC_WARN_UNUSED_VARIABLE = YES;
				IPHONEOS_DEPLOYMENT_TARGET = 14.4;
				MTL_ENABLE_DEBUG_INFO = INCLUDE_SOURCE;
				MTL_FAST_MATH = YES;
				ONLY_ACTIVE_ARCH = YES;
				SDKROOT = iphoneos;
				SWIFT_ACTIVE_COMPILATION_CONDITIONS = DEBUG;
				SWIFT_OPTIMIZATION_LEVEL = "-Onone";
			};
			name = Debug;
		};
		DE0A1A5B25C3D1AF00FCE79B /* Release */ = {
			isa = XCBuildConfiguration;
			buildSettings = {
				ALWAYS_SEARCH_USER_PATHS = NO;
				CLANG_ANALYZER_NONNULL = YES;
				CLANG_ANALYZER_NUMBER_OBJECT_CONVERSION = YES_AGGRESSIVE;
				CLANG_CXX_LANGUAGE_STANDARD = "gnu++14";
				CLANG_CXX_LIBRARY = "libc++";
				CLANG_ENABLE_MODULES = YES;
				CLANG_ENABLE_OBJC_ARC = YES;
				CLANG_ENABLE_OBJC_WEAK = YES;
				CLANG_WARN_BLOCK_CAPTURE_AUTORELEASING = YES;
				CLANG_WARN_BOOL_CONVERSION = YES;
				CLANG_WARN_COMMA = YES;
				CLANG_WARN_CONSTANT_CONVERSION = YES;
				CLANG_WARN_DEPRECATED_OBJC_IMPLEMENTATIONS = YES;
				CLANG_WARN_DIRECT_OBJC_ISA_USAGE = YES_ERROR;
				CLANG_WARN_DOCUMENTATION_COMMENTS = YES;
				CLANG_WARN_EMPTY_BODY = YES;
				CLANG_WARN_ENUM_CONVERSION = YES;
				CLANG_WARN_INFINITE_RECURSION = YES;
				CLANG_WARN_INT_CONVERSION = YES;
				CLANG_WARN_NON_LITERAL_NULL_CONVERSION = YES;
				CLANG_WARN_OBJC_IMPLICIT_RETAIN_SELF = YES;
				CLANG_WARN_OBJC_LITERAL_CONVERSION = YES;
				CLANG_WARN_OBJC_ROOT_CLASS = YES_ERROR;
				CLANG_WARN_QUOTED_INCLUDE_IN_FRAMEWORK_HEADER = YES;
				CLANG_WARN_RANGE_LOOP_ANALYSIS = YES;
				CLANG_WARN_STRICT_PROTOTYPES = YES;
				CLANG_WARN_SUSPICIOUS_MOVE = YES;
				CLANG_WARN_UNGUARDED_AVAILABILITY = YES_AGGRESSIVE;
				CLANG_WARN_UNREACHABLE_CODE = YES;
				CLANG_WARN__DUPLICATE_METHOD_MATCH = YES;
				COPY_PHASE_STRIP = NO;
				DEBUG_INFORMATION_FORMAT = "dwarf-with-dsym";
				ENABLE_NS_ASSERTIONS = NO;
				ENABLE_STRICT_OBJC_MSGSEND = YES;
				GCC_C_LANGUAGE_STANDARD = gnu11;
				GCC_NO_COMMON_BLOCKS = YES;
				GCC_WARN_64_TO_32_BIT_CONVERSION = YES;
				GCC_WARN_ABOUT_RETURN_TYPE = YES_ERROR;
				GCC_WARN_UNDECLARED_SELECTOR = YES;
				GCC_WARN_UNINITIALIZED_AUTOS = YES_AGGRESSIVE;
				GCC_WARN_UNUSED_FUNCTION = YES;
				GCC_WARN_UNUSED_VARIABLE = YES;
				IPHONEOS_DEPLOYMENT_TARGET = 14.4;
				MTL_ENABLE_DEBUG_INFO = NO;
				MTL_FAST_MATH = YES;
				SDKROOT = iphoneos;
				SWIFT_COMPILATION_MODE = wholemodule;
				SWIFT_OPTIMIZATION_LEVEL = "-O";
				VALIDATE_PRODUCT = YES;
			};
			name = Release;
		};
		DE0A1A5D25C3D1AF00FCE79B /* Debug */ = {
			isa = XCBuildConfiguration;
			buildSettings = {
				ASSETCATALOG_COMPILER_APPICON_NAME = AppIcon;
				ASSETCATALOG_COMPILER_GLOBAL_ACCENT_COLOR_NAME = AccentColor;
				CODE_SIGN_STYLE = Automatic;
				DEVELOPMENT_TEAM = 828PX3QM5C;
				INFOPLIST_FILE = BookClub/Info.plist;
				LD_RUNPATH_SEARCH_PATHS = (
					"$(inherited)",
					"@executable_path/Frameworks",
				);
				PRODUCT_BUNDLE_IDENTIFIER = jp.techacademy.yuta.saitoh.BookClub;
				PRODUCT_NAME = "$(TARGET_NAME)";
				SWIFT_VERSION = 5.0;
				TARGETED_DEVICE_FAMILY = "1,2";
			};
			name = Debug;
		};
		DE0A1A5E25C3D1AF00FCE79B /* Release */ = {
			isa = XCBuildConfiguration;
			buildSettings = {
				ASSETCATALOG_COMPILER_APPICON_NAME = AppIcon;
				ASSETCATALOG_COMPILER_GLOBAL_ACCENT_COLOR_NAME = AccentColor;
				CODE_SIGN_STYLE = Automatic;
				DEVELOPMENT_TEAM = 828PX3QM5C;
				INFOPLIST_FILE = BookClub/Info.plist;
				LD_RUNPATH_SEARCH_PATHS = (
					"$(inherited)",
					"@executable_path/Frameworks",
				);
				PRODUCT_BUNDLE_IDENTIFIER = jp.techacademy.yuta.saitoh.BookClub;
				PRODUCT_NAME = "$(TARGET_NAME)";
				SWIFT_VERSION = 5.0;
				TARGETED_DEVICE_FAMILY = "1,2";
			};
			name = Release;
		};
		DE0A1A6025C3D1AF00FCE79B /* Debug */ = {
			isa = XCBuildConfiguration;
			buildSettings = {
				ALWAYS_EMBED_SWIFT_STANDARD_LIBRARIES = YES;
				BUNDLE_LOADER = "$(TEST_HOST)";
				CODE_SIGN_STYLE = Automatic;
				DEVELOPMENT_TEAM = 828PX3QM5C;
				INFOPLIST_FILE = BookClubTests/Info.plist;
				IPHONEOS_DEPLOYMENT_TARGET = 14.4;
				LD_RUNPATH_SEARCH_PATHS = (
					"$(inherited)",
					"@executable_path/Frameworks",
					"@loader_path/Frameworks",
				);
				PRODUCT_BUNDLE_IDENTIFIER = jp.techacademy.yuta.saitoh.BookClubTests;
				PRODUCT_NAME = "$(TARGET_NAME)";
				SWIFT_VERSION = 5.0;
				TARGETED_DEVICE_FAMILY = "1,2";
				TEST_HOST = "$(BUILT_PRODUCTS_DIR)/BookClub.app/BookClub";
			};
			name = Debug;
		};
		DE0A1A6125C3D1AF00FCE79B /* Release */ = {
			isa = XCBuildConfiguration;
			buildSettings = {
				ALWAYS_EMBED_SWIFT_STANDARD_LIBRARIES = YES;
				BUNDLE_LOADER = "$(TEST_HOST)";
				CODE_SIGN_STYLE = Automatic;
				DEVELOPMENT_TEAM = 828PX3QM5C;
				INFOPLIST_FILE = BookClubTests/Info.plist;
				IPHONEOS_DEPLOYMENT_TARGET = 14.4;
				LD_RUNPATH_SEARCH_PATHS = (
					"$(inherited)",
					"@executable_path/Frameworks",
					"@loader_path/Frameworks",
				);
				PRODUCT_BUNDLE_IDENTIFIER = jp.techacademy.yuta.saitoh.BookClubTests;
				PRODUCT_NAME = "$(TARGET_NAME)";
				SWIFT_VERSION = 5.0;
				TARGETED_DEVICE_FAMILY = "1,2";
				TEST_HOST = "$(BUILT_PRODUCTS_DIR)/BookClub.app/BookClub";
			};
			name = Release;
		};
		DE0A1A6325C3D1AF00FCE79B /* Debug */ = {
			isa = XCBuildConfiguration;
			buildSettings = {
				ALWAYS_EMBED_SWIFT_STANDARD_LIBRARIES = YES;
				CODE_SIGN_STYLE = Automatic;
				DEVELOPMENT_TEAM = 828PX3QM5C;
				INFOPLIST_FILE = BookClubUITests/Info.plist;
				LD_RUNPATH_SEARCH_PATHS = (
					"$(inherited)",
					"@executable_path/Frameworks",
					"@loader_path/Frameworks",
				);
				PRODUCT_BUNDLE_IDENTIFIER = jp.techacademy.yuta.saitoh.BookClubUITests;
				PRODUCT_NAME = "$(TARGET_NAME)";
				SWIFT_VERSION = 5.0;
				TARGETED_DEVICE_FAMILY = "1,2";
				TEST_TARGET_NAME = BookClub;
			};
			name = Debug;
		};
		DE0A1A6425C3D1AF00FCE79B /* Release */ = {
			isa = XCBuildConfiguration;
			buildSettings = {
				ALWAYS_EMBED_SWIFT_STANDARD_LIBRARIES = YES;
				CODE_SIGN_STYLE = Automatic;
				DEVELOPMENT_TEAM = 828PX3QM5C;
				INFOPLIST_FILE = BookClubUITests/Info.plist;
				LD_RUNPATH_SEARCH_PATHS = (
					"$(inherited)",
					"@executable_path/Frameworks",
					"@loader_path/Frameworks",
				);
				PRODUCT_BUNDLE_IDENTIFIER = jp.techacademy.yuta.saitoh.BookClubUITests;
				PRODUCT_NAME = "$(TARGET_NAME)";
				SWIFT_VERSION = 5.0;
				TARGETED_DEVICE_FAMILY = "1,2";
				TEST_TARGET_NAME = BookClub;
			};
			name = Release;
		};
/* End XCBuildConfiguration section */

/* Begin XCConfigurationList section */
		DE0A1A2D25C3D1AC00FCE79B /* Build configuration list for PBXProject "BookClub" */ = {
			isa = XCConfigurationList;
			buildConfigurations = (
				DE0A1A5A25C3D1AF00FCE79B /* Debug */,
				DE0A1A5B25C3D1AF00FCE79B /* Release */,
			);
			defaultConfigurationIsVisible = 0;
			defaultConfigurationName = Release;
		};
		DE0A1A5C25C3D1AF00FCE79B /* Build configuration list for PBXNativeTarget "BookClub" */ = {
			isa = XCConfigurationList;
			buildConfigurations = (
				DE0A1A5D25C3D1AF00FCE79B /* Debug */,
				DE0A1A5E25C3D1AF00FCE79B /* Release */,
			);
			defaultConfigurationIsVisible = 0;
			defaultConfigurationName = Release;
		};
		DE0A1A5F25C3D1AF00FCE79B /* Build configuration list for PBXNativeTarget "BookClubTests" */ = {
			isa = XCConfigurationList;
			buildConfigurations = (
				DE0A1A6025C3D1AF00FCE79B /* Debug */,
				DE0A1A6125C3D1AF00FCE79B /* Release */,
			);
			defaultConfigurationIsVisible = 0;
			defaultConfigurationName = Release;
		};
		DE0A1A6225C3D1AF00FCE79B /* Build configuration list for PBXNativeTarget "BookClubUITests" */ = {
			isa = XCConfigurationList;
			buildConfigurations = (
				DE0A1A6325C3D1AF00FCE79B /* Debug */,
				DE0A1A6425C3D1AF00FCE79B /* Release */,
			);
			defaultConfigurationIsVisible = 0;
			defaultConfigurationName = Release;
		};
/* End XCConfigurationList section */
	};
	rootObject = DE0A1A2A25C3D1AC00FCE79B /* Project object */;
}
